// !$*UTF8*$!
{
	archiveVersion = 1;
	classes = {
	};
	objectVersion = 46;
	objects = {

/* Begin PBXBuildFile section */
		985E15671A01CBDB00CD5A25 /* main.m in Sources */ = {isa = PBXBuildFile; fileRef = 985E15661A01CBDB00CD5A25 /* main.m */; };
		985E156A1A01CBDB00CD5A25 /* AppDelegate.m in Sources */ = {isa = PBXBuildFile; fileRef = 985E15691A01CBDB00CD5A25 /* AppDelegate.m */; };
		985E15721A01CBDC00CD5A25 /* Images.xcassets in Resources */ = {isa = PBXBuildFile; fileRef = 985E15711A01CBDC00CD5A25 /* Images.xcassets */; };
		985E15751A01CBDC00CD5A25 /* LaunchScreen.xib in Resources */ = {isa = PBXBuildFile; fileRef = 985E15731A01CBDC00CD5A25 /* LaunchScreen.xib */; };
		985E15811A01CBDC00CD5A25 /* PhotoWalk_ver_1Tests.m in Sources */ = {isa = PBXBuildFile; fileRef = 985E15801A01CBDC00CD5A25 /* PhotoWalk_ver_1Tests.m */; };
		985E15C01A01CC5600CD5A25 /* Main.storyboard in Resources */ = {isa = PBXBuildFile; fileRef = 985E158F1A01CC5600CD5A25 /* Main.storyboard */; };
		985E15C11A01CC5600CD5A25 /* CameraViewController.m in Sources */ = {isa = PBXBuildFile; fileRef = 985E15931A01CC5600CD5A25 /* CameraViewController.m */; };
		985E15C21A01CC5600CD5A25 /* camera59.png in Resources */ = {isa = PBXBuildFile; fileRef = 985E15951A01CC5600CD5A25 /* camera59.png */; };
		985E15C31A01CC5600CD5A25 /* hata.png in Resources */ = {isa = PBXBuildFile; fileRef = 985E15961A01CC5600CD5A25 /* hata.png */; };
		985E15C41A01CC5600CD5A25 /* little25_2.png in Resources */ = {isa = PBXBuildFile; fileRef = 985E15971A01CC5600CD5A25 /* little25_2.png */; };
		985E15C51A01CC5600CD5A25 /* machine2.png in Resources */ = {isa = PBXBuildFile; fileRef = 985E15981A01CC5600CD5A25 /* machine2.png */; };
		985E15C61A01CC5600CD5A25 /* maps.png in Resources */ = {isa = PBXBuildFile; fileRef = 985E15991A01CC5600CD5A25 /* maps.png */; };
		985E15C71A01CC5600CD5A25 /* movie42.png in Resources */ = {isa = PBXBuildFile; fileRef = 985E159A1A01CC5600CD5A25 /* movie42.png */; };
		985E15C81A01CC5600CD5A25 /* play2.png in Resources */ = {isa = PBXBuildFile; fileRef = 985E159B1A01CC5600CD5A25 /* play2.png */; };
		985E15CA1A01CC5600CD5A25 /* silhouette4.png in Resources */ = {isa = PBXBuildFile; fileRef = 985E159D1A01CC5600CD5A25 /* silhouette4.png */; };
		985E15CB1A01CC5600CD5A25 /* silhouette5.png in Resources */ = {isa = PBXBuildFile; fileRef = 985E159E1A01CC5600CD5A25 /* silhouette5.png */; };
		985E15CD1A01CC5600CD5A25 /* tokushima3.png in Resources */ = {isa = PBXBuildFile; fileRef = 985E15A01A01CC5600CD5A25 /* tokushima3.png */; };
		985E15CF1A01CC5600CD5A25 /* SlideshowViewController.m in Sources */ = {isa = PBXBuildFile; fileRef = 985E15A41A01CC5600CD5A25 /* SlideshowViewController.m */; };
		985E15D01A01CC5600CD5A25 /* CellViewCell.m in Sources */ = {isa = PBXBuildFile; fileRef = 985E15A71A01CC5600CD5A25 /* CellViewCell.m */; };
		985E15D11A01CC5600CD5A25 /* CustomAnnotation.m in Sources */ = {isa = PBXBuildFile; fileRef = 985E15A91A01CC5600CD5A25 /* CustomAnnotation.m */; };
		985E15D21A01CC5600CD5A25 /* CustomAnnotation_GPS.m in Sources */ = {isa = PBXBuildFile; fileRef = 985E15AB1A01CC5600CD5A25 /* CustomAnnotation_GPS.m */; };
		985E15D31A01CC5600CD5A25 /* CustomAnnotation_GPS_Old.m in Sources */ = {isa = PBXBuildFile; fileRef = 985E15AD1A01CC5600CD5A25 /* CustomAnnotation_GPS_Old.m */; };
		985E15D41A01CC5600CD5A25 /* CustomAnnotation_Hata.m in Sources */ = {isa = PBXBuildFile; fileRef = 985E15AF1A01CC5600CD5A25 /* CustomAnnotation_Hata.m */; };
		985E15D51A01CC5600CD5A25 /* CustomAnnotation_HataOk.m in Sources */ = {isa = PBXBuildFile; fileRef = 985E15B11A01CC5600CD5A25 /* CustomAnnotation_HataOk.m */; };
		985E15D61A01CC5600CD5A25 /* CustomAnnotation_Photo.m in Sources */ = {isa = PBXBuildFile; fileRef = 985E15B31A01CC5600CD5A25 /* CustomAnnotation_Photo.m */; };
		985E15D71A01CC5600CD5A25 /* HataView.m in Sources */ = {isa = PBXBuildFile; fileRef = 985E15B51A01CC5600CD5A25 /* HataView.m */; };
		985E15D81A01CC5600CD5A25 /* HataViewController.m in Sources */ = {isa = PBXBuildFile; fileRef = 985E15B71A01CC5600CD5A25 /* HataViewController.m */; };
		985E15D91A01CC5600CD5A25 /* MapViewController.m in Sources */ = {isa = PBXBuildFile; fileRef = 985E15B91A01CC5600CD5A25 /* MapViewController.m */; };
		985E15DA1A01CC5600CD5A25 /* PhotoViewCell.m in Sources */ = {isa = PBXBuildFile; fileRef = 985E15BB1A01CC5600CD5A25 /* PhotoViewCell.m */; };
		985E15DB1A01CC5600CD5A25 /* TextViewCell.m in Sources */ = {isa = PBXBuildFile; fileRef = 985E15BD1A01CC5600CD5A25 /* TextViewCell.m */; };
		98FFAB5A1A39FC7E0080ED87 /* Camera_30x30.png in Resources */ = {isa = PBXBuildFile; fileRef = 98FFAB4E1A39FC7E0080ED87 /* Camera_30x30.png */; };
		98FFAB5B1A39FC7E0080ED87 /* Camera_60x60.png in Resources */ = {isa = PBXBuildFile; fileRef = 98FFAB4F1A39FC7E0080ED87 /* Camera_60x60.png */; };
		98FFAB5C1A39FC7E0080ED87 /* Camera_90x90.png in Resources */ = {isa = PBXBuildFile; fileRef = 98FFAB501A39FC7E0080ED87 /* Camera_90x90.png */; };
		98FFAB5D1A39FC7E0080ED87 /* Setting_30x30.png in Resources */ = {isa = PBXBuildFile; fileRef = 98FFAB511A39FC7E0080ED87 /* Setting_30x30.png */; };
		98FFAB5E1A39FC7E0080ED87 /* Setting_60x60.png in Resources */ = {isa = PBXBuildFile; fileRef = 98FFAB521A39FC7E0080ED87 /* Setting_60x60.png */; };
		98FFAB5F1A39FC7E0080ED87 /* Setting_90x90.png in Resources */ = {isa = PBXBuildFile; fileRef = 98FFAB531A39FC7E0080ED87 /* Setting_90x90.png */; };
		98FFAB601A39FC7E0080ED87 /* Slideshow_30x30.png in Resources */ = {isa = PBXBuildFile; fileRef = 98FFAB541A39FC7E0080ED87 /* Slideshow_30x30.png */; };
		98FFAB611A39FC7E0080ED87 /* Slideshow_60x60.png in Resources */ = {isa = PBXBuildFile; fileRef = 98FFAB551A39FC7E0080ED87 /* Slideshow_60x60.png */; };
		98FFAB621A39FC7E0080ED87 /* Slideshow_90x90.png in Resources */ = {isa = PBXBuildFile; fileRef = 98FFAB561A39FC7E0080ED87 /* Slideshow_90x90.png */; };
		98FFAB631A39FC7E0080ED87 /* Tokushima_30x30.png in Resources */ = {isa = PBXBuildFile; fileRef = 98FFAB571A39FC7E0080ED87 /* Tokushima_30x30.png */; };
		98FFAB641A39FC7E0080ED87 /* Tokushima_60x60.png in Resources */ = {isa = PBXBuildFile; fileRef = 98FFAB581A39FC7E0080ED87 /* Tokushima_60x60.png */; };
		98FFAB651A39FC7E0080ED87 /* Tokushima_90x90.png in Resources */ = {isa = PBXBuildFile; fileRef = 98FFAB591A39FC7E0080ED87 /* Tokushima_90x90.png */; };
/* End PBXBuildFile section */

/* Begin PBXContainerItemProxy section */
		985E157B1A01CBDC00CD5A25 /* PBXContainerItemProxy */ = {
			isa = PBXContainerItemProxy;
			containerPortal = 985E15591A01CBDB00CD5A25 /* Project object */;
			proxyType = 1;
			remoteGlobalIDString = 985E15601A01CBDB00CD5A25;
			remoteInfo = "PhotoWalk ver 1";
		};
/* End PBXContainerItemProxy section */

/* Begin PBXFileReference section */
		985E15611A01CBDB00CD5A25 /* PhotoWalk ver 1.app */ = {isa = PBXFileReference; explicitFileType = wrapper.application; includeInIndex = 0; path = "PhotoWalk ver 1.app"; sourceTree = BUILT_PRODUCTS_DIR; };
		985E15651A01CBDB00CD5A25 /* Info.plist */ = {isa = PBXFileReference; lastKnownFileType = text.plist.xml; path = Info.plist; sourceTree = "<group>"; };
		985E15661A01CBDB00CD5A25 /* main.m */ = {isa = PBXFileReference; lastKnownFileType = sourcecode.c.objc; path = main.m; sourceTree = "<group>"; };
		985E15681A01CBDB00CD5A25 /* AppDelegate.h */ = {isa = PBXFileReference; lastKnownFileType = sourcecode.c.h; path = AppDelegate.h; sourceTree = "<group>"; };
		985E15691A01CBDB00CD5A25 /* AppDelegate.m */ = {isa = PBXFileReference; lastKnownFileType = sourcecode.c.objc; path = AppDelegate.m; sourceTree = "<group>"; };
		985E15711A01CBDC00CD5A25 /* Images.xcassets */ = {isa = PBXFileReference; lastKnownFileType = folder.assetcatalog; path = Images.xcassets; sourceTree = "<group>"; };
		985E15741A01CBDC00CD5A25 /* Base */ = {isa = PBXFileReference; lastKnownFileType = file.xib; name = Base; path = Base.lproj/LaunchScreen.xib; sourceTree = "<group>"; };
		985E157A1A01CBDC00CD5A25 /* PhotoWalk ver 1Tests.xctest */ = {isa = PBXFileReference; explicitFileType = wrapper.cfbundle; includeInIndex = 0; path = "PhotoWalk ver 1Tests.xctest"; sourceTree = BUILT_PRODUCTS_DIR; };
		985E157F1A01CBDC00CD5A25 /* Info.plist */ = {isa = PBXFileReference; lastKnownFileType = text.plist.xml; path = Info.plist; sourceTree = "<group>"; };
		985E15801A01CBDC00CD5A25 /* PhotoWalk_ver_1Tests.m */ = {isa = PBXFileReference; lastKnownFileType = sourcecode.c.objc; path = PhotoWalk_ver_1Tests.m; sourceTree = "<group>"; };
		985E15901A01CC5600CD5A25 /* Base */ = {isa = PBXFileReference; lastKnownFileType = file.storyboard; name = Base; path = Main.storyboard; sourceTree = "<group>"; };
		985E15921A01CC5600CD5A25 /* CameraViewController.h */ = {isa = PBXFileReference; fileEncoding = 4; lastKnownFileType = sourcecode.c.h; path = CameraViewController.h; sourceTree = "<group>"; };
		985E15931A01CC5600CD5A25 /* CameraViewController.m */ = {isa = PBXFileReference; fileEncoding = 4; lastKnownFileType = sourcecode.c.objc; path = CameraViewController.m; sourceTree = "<group>"; };
		985E15951A01CC5600CD5A25 /* camera59.png */ = {isa = PBXFileReference; lastKnownFileType = image.png; path = camera59.png; sourceTree = "<group>"; };
		985E15961A01CC5600CD5A25 /* hata.png */ = {isa = PBXFileReference; lastKnownFileType = image.png; path = hata.png; sourceTree = "<group>"; };
		985E15971A01CC5600CD5A25 /* little25_2.png */ = {isa = PBXFileReference; lastKnownFileType = image.png; path = little25_2.png; sourceTree = "<group>"; };
		985E15981A01CC5600CD5A25 /* machine2.png */ = {isa = PBXFileReference; lastKnownFileType = image.png; path = machine2.png; sourceTree = "<group>"; };
		985E15991A01CC5600CD5A25 /* maps.png */ = {isa = PBXFileReference; lastKnownFileType = image.png; path = maps.png; sourceTree = "<group>"; };
		985E159A1A01CC5600CD5A25 /* movie42.png */ = {isa = PBXFileReference; lastKnownFileType = image.png; path = movie42.png; sourceTree = "<group>"; };
		985E159B1A01CC5600CD5A25 /* play2.png */ = {isa = PBXFileReference; lastKnownFileType = image.png; path = play2.png; sourceTree = "<group>"; };
		985E159D1A01CC5600CD5A25 /* silhouette4.png */ = {isa = PBXFileReference; lastKnownFileType = image.png; path = silhouette4.png; sourceTree = "<group>"; };
		985E159E1A01CC5600CD5A25 /* silhouette5.png */ = {isa = PBXFileReference; lastKnownFileType = image.png; path = silhouette5.png; sourceTree = "<group>"; };
		985E15A01A01CC5600CD5A25 /* tokushima3.png */ = {isa = PBXFileReference; lastKnownFileType = image.png; path = tokushima3.png; sourceTree = "<group>"; };
		985E15A31A01CC5600CD5A25 /* SlideshowViewController.h */ = {isa = PBXFileReference; fileEncoding = 4; lastKnownFileType = sourcecode.c.h; path = SlideshowViewController.h; sourceTree = "<group>"; };
		985E15A41A01CC5600CD5A25 /* SlideshowViewController.m */ = {isa = PBXFileReference; fileEncoding = 4; lastKnownFileType = sourcecode.c.objc; path = SlideshowViewController.m; sourceTree = "<group>"; };
		985E15A61A01CC5600CD5A25 /* CellViewCell.h */ = {isa = PBXFileReference; fileEncoding = 4; lastKnownFileType = sourcecode.c.h; path = CellViewCell.h; sourceTree = "<group>"; };
		985E15A71A01CC5600CD5A25 /* CellViewCell.m */ = {isa = PBXFileReference; fileEncoding = 4; lastKnownFileType = sourcecode.c.objc; path = CellViewCell.m; sourceTree = "<group>"; };
		985E15A81A01CC5600CD5A25 /* CustomAnnotation.h */ = {isa = PBXFileReference; fileEncoding = 4; lastKnownFileType = sourcecode.c.h; path = CustomAnnotation.h; sourceTree = "<group>"; };
		985E15A91A01CC5600CD5A25 /* CustomAnnotation.m */ = {isa = PBXFileReference; fileEncoding = 4; lastKnownFileType = sourcecode.c.objc; path = CustomAnnotation.m; sourceTree = "<group>"; };
		985E15AA1A01CC5600CD5A25 /* CustomAnnotation_GPS.h */ = {isa = PBXFileReference; fileEncoding = 4; lastKnownFileType = sourcecode.c.h; path = CustomAnnotation_GPS.h; sourceTree = "<group>"; };
		985E15AB1A01CC5600CD5A25 /* CustomAnnotation_GPS.m */ = {isa = PBXFileReference; fileEncoding = 4; lastKnownFileType = sourcecode.c.objc; path = CustomAnnotation_GPS.m; sourceTree = "<group>"; };
		985E15AC1A01CC5600CD5A25 /* CustomAnnotation_GPS_Old.h */ = {isa = PBXFileReference; fileEncoding = 4; lastKnownFileType = sourcecode.c.h; path = CustomAnnotation_GPS_Old.h; sourceTree = "<group>"; };
		985E15AD1A01CC5600CD5A25 /* CustomAnnotation_GPS_Old.m */ = {isa = PBXFileReference; fileEncoding = 4; lastKnownFileType = sourcecode.c.objc; path = CustomAnnotation_GPS_Old.m; sourceTree = "<group>"; };
		985E15AE1A01CC5600CD5A25 /* CustomAnnotation_Hata.h */ = {isa = PBXFileReference; fileEncoding = 4; lastKnownFileType = sourcecode.c.h; path = CustomAnnotation_Hata.h; sourceTree = "<group>"; };
		985E15AF1A01CC5600CD5A25 /* CustomAnnotation_Hata.m */ = {isa = PBXFileReference; fileEncoding = 4; lastKnownFileType = sourcecode.c.objc; path = CustomAnnotation_Hata.m; sourceTree = "<group>"; };
		985E15B01A01CC5600CD5A25 /* CustomAnnotation_HataOk.h */ = {isa = PBXFileReference; fileEncoding = 4; lastKnownFileType = sourcecode.c.h; path = CustomAnnotation_HataOk.h; sourceTree = "<group>"; };
		985E15B11A01CC5600CD5A25 /* CustomAnnotation_HataOk.m */ = {isa = PBXFileReference; fileEncoding = 4; lastKnownFileType = sourcecode.c.objc; path = CustomAnnotation_HataOk.m; sourceTree = "<group>"; };
		985E15B21A01CC5600CD5A25 /* CustomAnnotation_Photo.h */ = {isa = PBXFileReference; fileEncoding = 4; lastKnownFileType = sourcecode.c.h; path = CustomAnnotation_Photo.h; sourceTree = "<group>"; };
		985E15B31A01CC5600CD5A25 /* CustomAnnotation_Photo.m */ = {isa = PBXFileReference; fileEncoding = 4; lastKnownFileType = sourcecode.c.objc; path = CustomAnnotation_Photo.m; sourceTree = "<group>"; };
		985E15B41A01CC5600CD5A25 /* HataView.h */ = {isa = PBXFileReference; fileEncoding = 4; lastKnownFileType = sourcecode.c.h; path = HataView.h; sourceTree = "<group>"; };
		985E15B51A01CC5600CD5A25 /* HataView.m */ = {isa = PBXFileReference; fileEncoding = 4; lastKnownFileType = sourcecode.c.objc; path = HataView.m; sourceTree = "<group>"; };
		985E15B61A01CC5600CD5A25 /* HataViewController.h */ = {isa = PBXFileReference; fileEncoding = 4; lastKnownFileType = sourcecode.c.h; path = HataViewController.h; sourceTree = "<group>"; };
		985E15B71A01CC5600CD5A25 /* HataViewController.m */ = {isa = PBXFileReference; fileEncoding = 4; lastKnownFileType = sourcecode.c.objc; path = HataViewController.m; sourceTree = "<group>"; };
		985E15B81A01CC5600CD5A25 /* MapViewController.h */ = {isa = PBXFileReference; fileEncoding = 4; lastKnownFileType = sourcecode.c.h; path = MapViewController.h; sourceTree = "<group>"; };
		985E15B91A01CC5600CD5A25 /* MapViewController.m */ = {isa = PBXFileReference; fileEncoding = 4; lastKnownFileType = sourcecode.c.objc; path = MapViewController.m; sourceTree = "<group>"; };
		985E15BA1A01CC5600CD5A25 /* PhotoViewCell.h */ = {isa = PBXFileReference; fileEncoding = 4; lastKnownFileType = sourcecode.c.h; path = PhotoViewCell.h; sourceTree = "<group>"; };
		985E15BB1A01CC5600CD5A25 /* PhotoViewCell.m */ = {isa = PBXFileReference; fileEncoding = 4; lastKnownFileType = sourcecode.c.objc; path = PhotoViewCell.m; sourceTree = "<group>"; };
		985E15BC1A01CC5600CD5A25 /* TextViewCell.h */ = {isa = PBXFileReference; fileEncoding = 4; lastKnownFileType = sourcecode.c.h; path = TextViewCell.h; sourceTree = "<group>"; };
		985E15BD1A01CC5600CD5A25 /* TextViewCell.m */ = {isa = PBXFileReference; fileEncoding = 4; lastKnownFileType = sourcecode.c.objc; path = TextViewCell.m; sourceTree = "<group>"; };
		98FFAB4E1A39FC7E0080ED87 /* Camera_30x30.png */ = {isa = PBXFileReference; lastKnownFileType = image.png; path = Camera_30x30.png; sourceTree = "<group>"; };
		98FFAB4F1A39FC7E0080ED87 /* Camera_60x60.png */ = {isa = PBXFileReference; lastKnownFileType = image.png; path = Camera_60x60.png; sourceTree = "<group>"; };
		98FFAB501A39FC7E0080ED87 /* Camera_90x90.png */ = {isa = PBXFileReference; lastKnownFileType = image.png; path = Camera_90x90.png; sourceTree = "<group>"; };
		98FFAB511A39FC7E0080ED87 /* Setting_30x30.png */ = {isa = PBXFileReference; lastKnownFileType = image.png; path = Setting_30x30.png; sourceTree = "<group>"; };
		98FFAB521A39FC7E0080ED87 /* Setting_60x60.png */ = {isa = PBXFileReference; lastKnownFileType = image.png; path = Setting_60x60.png; sourceTree = "<group>"; };
		98FFAB531A39FC7E0080ED87 /* Setting_90x90.png */ = {isa = PBXFileReference; lastKnownFileType = image.png; path = Setting_90x90.png; sourceTree = "<group>"; };
		98FFAB541A39FC7E0080ED87 /* Slideshow_30x30.png */ = {isa = PBXFileReference; lastKnownFileType = image.png; path = Slideshow_30x30.png; sourceTree = "<group>"; };
		98FFAB551A39FC7E0080ED87 /* Slideshow_60x60.png */ = {isa = PBXFileReference; lastKnownFileType = image.png; path = Slideshow_60x60.png; sourceTree = "<group>"; };
		98FFAB561A39FC7E0080ED87 /* Slideshow_90x90.png */ = {isa = PBXFileReference; lastKnownFileType = image.png; path = Slideshow_90x90.png; sourceTree = "<group>"; };
		98FFAB571A39FC7E0080ED87 /* Tokushima_30x30.png */ = {isa = PBXFileReference; lastKnownFileType = image.png; path = Tokushima_30x30.png; sourceTree = "<group>"; };
		98FFAB581A39FC7E0080ED87 /* Tokushima_60x60.png */ = {isa = PBXFileReference; lastKnownFileType = image.png; path = Tokushima_60x60.png; sourceTree = "<group>"; };
		98FFAB591A39FC7E0080ED87 /* Tokushima_90x90.png */ = {isa = PBXFileReference; lastKnownFileType = image.png; path = Tokushima_90x90.png; sourceTree = "<group>"; };
/* End PBXFileReference section */

/* Begin PBXFrameworksBuildPhase section */
		985E155E1A01CBDB00CD5A25 /* Frameworks */ = {
			isa = PBXFrameworksBuildPhase;
			buildActionMask = 2147483647;
			files = (
			);
			runOnlyForDeploymentPostprocessing = 0;
		};
		985E15771A01CBDC00CD5A25 /* Frameworks */ = {
			isa = PBXFrameworksBuildPhase;
			buildActionMask = 2147483647;
			files = (
			);
			runOnlyForDeploymentPostprocessing = 0;
		};
/* End PBXFrameworksBuildPhase section */

/* Begin PBXGroup section */
		985E15581A01CBDB00CD5A25 = {
			isa = PBXGroup;
			children = (
				985E15631A01CBDB00CD5A25 /* PhotoWalk ver 1 */,
				985E157D1A01CBDC00CD5A25 /* PhotoWalk ver 1Tests */,
				985E15621A01CBDB00CD5A25 /* Products */,
			);
			sourceTree = "<group>";
		};
		985E15621A01CBDB00CD5A25 /* Products */ = {
			isa = PBXGroup;
			children = (
				985E15611A01CBDB00CD5A25 /* PhotoWalk ver 1.app */,
				985E157A1A01CBDC00CD5A25 /* PhotoWalk ver 1Tests.xctest */,
			);
			name = Products;
			sourceTree = "<group>";
		};
		985E15631A01CBDB00CD5A25 /* PhotoWalk ver 1 */ = {
			isa = PBXGroup;
			children = (
				985E158A1A01CC5600CD5A25 /* Base.lproj */,
				985E15681A01CBDB00CD5A25 /* AppDelegate.h */,
				985E15691A01CBDB00CD5A25 /* AppDelegate.m */,
				985E15A51A01CC5600CD5A25 /* Tokushima */,
				985E15911A01CC5600CD5A25 /* Camera */,
				985E15A21A01CC5600CD5A25 /* Slideshow */,
				985E15711A01CBDC00CD5A25 /* Images.xcassets */,
				985E15941A01CC5600CD5A25 /* Images */,
				985E15641A01CBDB00CD5A25 /* Supporting Files */,
			);
			path = "PhotoWalk ver 1";
			sourceTree = "<group>";
		};
		985E15641A01CBDB00CD5A25 /* Supporting Files */ = {
			isa = PBXGroup;
			children = (
				985E15651A01CBDB00CD5A25 /* Info.plist */,
				985E15661A01CBDB00CD5A25 /* main.m */,
			);
			name = "Supporting Files";
			sourceTree = "<group>";
		};
		985E157D1A01CBDC00CD5A25 /* PhotoWalk ver 1Tests */ = {
			isa = PBXGroup;
			children = (
				985E15801A01CBDC00CD5A25 /* PhotoWalk_ver_1Tests.m */,
				985E157E1A01CBDC00CD5A25 /* Supporting Files */,
			);
			path = "PhotoWalk ver 1Tests";
			sourceTree = "<group>";
		};
		985E157E1A01CBDC00CD5A25 /* Supporting Files */ = {
			isa = PBXGroup;
			children = (
				985E157F1A01CBDC00CD5A25 /* Info.plist */,
			);
			name = "Supporting Files";
			sourceTree = "<group>";
		};
		985E158A1A01CC5600CD5A25 /* Base.lproj */ = {
			isa = PBXGroup;
			children = (
				985E15731A01CBDC00CD5A25 /* LaunchScreen.xib */,
				985E158F1A01CC5600CD5A25 /* Main.storyboard */,
			);
			path = Base.lproj;
			sourceTree = "<group>";
		};
		985E15911A01CC5600CD5A25 /* Camera */ = {
			isa = PBXGroup;
			children = (
				985E15921A01CC5600CD5A25 /* CameraViewController.h */,
				985E15931A01CC5600CD5A25 /* CameraViewController.m */,
			);
			path = Camera;
			sourceTree = "<group>";
		};
		985E15941A01CC5600CD5A25 /* Images */ = {
			isa = PBXGroup;
			children = (
				98FFAB4E1A39FC7E0080ED87 /* Camera_30x30.png */,
				98FFAB4F1A39FC7E0080ED87 /* Camera_60x60.png */,
				98FFAB501A39FC7E0080ED87 /* Camera_90x90.png */,
				98FFAB511A39FC7E0080ED87 /* Setting_30x30.png */,
				98FFAB521A39FC7E0080ED87 /* Setting_60x60.png */,
				98FFAB531A39FC7E0080ED87 /* Setting_90x90.png */,
				98FFAB541A39FC7E0080ED87 /* Slideshow_30x30.png */,
				98FFAB551A39FC7E0080ED87 /* Slideshow_60x60.png */,
				98FFAB561A39FC7E0080ED87 /* Slideshow_90x90.png */,
				98FFAB571A39FC7E0080ED87 /* Tokushima_30x30.png */,
				98FFAB581A39FC7E0080ED87 /* Tokushima_60x60.png */,
				98FFAB591A39FC7E0080ED87 /* Tokushima_90x90.png */,
				985E15951A01CC5600CD5A25 /* camera59.png */,
				985E15961A01CC5600CD5A25 /* hata.png */,
				985E15971A01CC5600CD5A25 /* little25_2.png */,
				985E15981A01CC5600CD5A25 /* machine2.png */,
				985E15991A01CC5600CD5A25 /* maps.png */,
				985E159A1A01CC5600CD5A25 /* movie42.png */,
				985E159B1A01CC5600CD5A25 /* play2.png */,
				985E159D1A01CC5600CD5A25 /* silhouette4.png */,
				985E159E1A01CC5600CD5A25 /* silhouette5.png */,
				985E15A01A01CC5600CD5A25 /* tokushima3.png */,
			);
			path = Images;
			sourceTree = "<group>";
		};
		985E15A21A01CC5600CD5A25 /* Slideshow */ = {
			isa = PBXGroup;
			children = (
				985E15A31A01CC5600CD5A25 /* SlideshowViewController.h */,
				985E15A41A01CC5600CD5A25 /* SlideshowViewController.m */,
			);
			path = Slideshow;
			sourceTree = "<group>";
		};
		985E15A51A01CC5600CD5A25 /* Tokushima */ = {
			isa = PBXGroup;
			children = (
				985E15B81A01CC5600CD5A25 /* MapViewController.h */,
				985E15B91A01CC5600CD5A25 /* MapViewController.m */,
				985E15A81A01CC5600CD5A25 /* CustomAnnotation.h */,
				985E15A91A01CC5600CD5A25 /* CustomAnnotation.m */,
				985E15AA1A01CC5600CD5A25 /* CustomAnnotation_GPS.h */,
				985E15AB1A01CC5600CD5A25 /* CustomAnnotation_GPS.m */,
				985E15AC1A01CC5600CD5A25 /* CustomAnnotation_GPS_Old.h */,
				985E15AD1A01CC5600CD5A25 /* CustomAnnotation_GPS_Old.m */,
				985E15AE1A01CC5600CD5A25 /* CustomAnnotation_Hata.h */,
				985E15AF1A01CC5600CD5A25 /* CustomAnnotation_Hata.m */,
				985E15B01A01CC5600CD5A25 /* CustomAnnotation_HataOk.h */,
				985E15B11A01CC5600CD5A25 /* CustomAnnotation_HataOk.m */,
				985E15B21A01CC5600CD5A25 /* CustomAnnotation_Photo.h */,
				985E15B31A01CC5600CD5A25 /* CustomAnnotation_Photo.m */,
				985E15B41A01CC5600CD5A25 /* HataView.h */,
				985E15B51A01CC5600CD5A25 /* HataView.m */,
				985E15B61A01CC5600CD5A25 /* HataViewController.h */,
				985E15B71A01CC5600CD5A25 /* HataViewController.m */,
				985E15A61A01CC5600CD5A25 /* CellViewCell.h */,
				985E15A71A01CC5600CD5A25 /* CellViewCell.m */,
				985E15BC1A01CC5600CD5A25 /* TextViewCell.h */,
				985E15BD1A01CC5600CD5A25 /* TextViewCell.m */,
				985E15BA1A01CC5600CD5A25 /* PhotoViewCell.h */,
				985E15BB1A01CC5600CD5A25 /* PhotoViewCell.m */,
			);
			path = Tokushima;
			sourceTree = "<group>";
		};
/* End PBXGroup section */

/* Begin PBXNativeTarget section */
		985E15601A01CBDB00CD5A25 /* PhotoWalk ver 1 */ = {
			isa = PBXNativeTarget;
			buildConfigurationList = 985E15841A01CBDC00CD5A25 /* Build configuration list for PBXNativeTarget "PhotoWalk ver 1" */;
			buildPhases = (
				985E155D1A01CBDB00CD5A25 /* Sources */,
				985E155E1A01CBDB00CD5A25 /* Frameworks */,
				985E155F1A01CBDB00CD5A25 /* Resources */,
			);
			buildRules = (
			);
			dependencies = (
			);
			name = "PhotoWalk ver 1";
			productName = "PhotoWalk ver 1";
			productReference = 985E15611A01CBDB00CD5A25 /* PhotoWalk ver 1.app */;
			productType = "com.apple.product-type.application";
		};
		985E15791A01CBDC00CD5A25 /* PhotoWalk ver 1Tests */ = {
			isa = PBXNativeTarget;
			buildConfigurationList = 985E15871A01CBDC00CD5A25 /* Build configuration list for PBXNativeTarget "PhotoWalk ver 1Tests" */;
			buildPhases = (
				985E15761A01CBDC00CD5A25 /* Sources */,
				985E15771A01CBDC00CD5A25 /* Frameworks */,
				985E15781A01CBDC00CD5A25 /* Resources */,
			);
			buildRules = (
			);
			dependencies = (
				985E157C1A01CBDC00CD5A25 /* PBXTargetDependency */,
			);
			name = "PhotoWalk ver 1Tests";
			productName = "PhotoWalk ver 1Tests";
			productReference = 985E157A1A01CBDC00CD5A25 /* PhotoWalk ver 1Tests.xctest */;
			productType = "com.apple.product-type.bundle.unit-test";
		};
/* End PBXNativeTarget section */

/* Begin PBXProject section */
		985E15591A01CBDB00CD5A25 /* Project object */ = {
			isa = PBXProject;
			attributes = {
				LastUpgradeCheck = 0610;
				ORGANIZATIONNAME = "寺内 信夫";
				TargetAttributes = {
					985E15601A01CBDB00CD5A25 = {
						CreatedOnToolsVersion = 6.1;
					};
					985E15791A01CBDC00CD5A25 = {
						CreatedOnToolsVersion = 6.1;
						TestTargetID = 985E15601A01CBDB00CD5A25;
					};
				};
			};
			buildConfigurationList = 985E155C1A01CBDB00CD5A25 /* Build configuration list for PBXProject "PhotoWalk ver 1" */;
			compatibilityVersion = "Xcode 3.2";
			developmentRegion = English;
			hasScannedForEncodings = 0;
			knownRegions = (
				en,
				Base,
			);
			mainGroup = 985E15581A01CBDB00CD5A25;
			productRefGroup = 985E15621A01CBDB00CD5A25 /* Products */;
			projectDirPath = "";
			projectRoot = "";
			targets = (
				985E15601A01CBDB00CD5A25 /* PhotoWalk ver 1 */,
				985E15791A01CBDC00CD5A25 /* PhotoWalk ver 1Tests */,
			);
		};
/* End PBXProject section */

/* Begin PBXResourcesBuildPhase section */
		985E155F1A01CBDB00CD5A25 /* Resources */ = {
			isa = PBXResourcesBuildPhase;
			buildActionMask = 2147483647;
			files = (
				985E15C71A01CC5600CD5A25 /* movie42.png in Resources */,
				98FFAB601A39FC7E0080ED87 /* Slideshow_30x30.png in Resources */,
				98FFAB5F1A39FC7E0080ED87 /* Setting_90x90.png in Resources */,
				985E15C41A01CC5600CD5A25 /* little25_2.png in Resources */,
				98FFAB651A39FC7E0080ED87 /* Tokushima_90x90.png in Resources */,
				985E15C81A01CC5600CD5A25 /* play2.png in Resources */,
				985E15C31A01CC5600CD5A25 /* hata.png in Resources */,
				985E15C01A01CC5600CD5A25 /* Main.storyboard in Resources */,
				98FFAB621A39FC7E0080ED87 /* Slideshow_90x90.png in Resources */,
				98FFAB5C1A39FC7E0080ED87 /* Camera_90x90.png in Resources */,
				985E15C21A01CC5600CD5A25 /* camera59.png in Resources */,
				98FFAB5E1A39FC7E0080ED87 /* Setting_60x60.png in Resources */,
				985E15751A01CBDC00CD5A25 /* LaunchScreen.xib in Resources */,
				98FFAB631A39FC7E0080ED87 /* Tokushima_30x30.png in Resources */,
				985E15CD1A01CC5600CD5A25 /* tokushima3.png in Resources */,
				985E15C51A01CC5600CD5A25 /* machine2.png in Resources */,
				98FFAB5B1A39FC7E0080ED87 /* Camera_60x60.png in Resources */,
				985E15CA1A01CC5600CD5A25 /* silhouette4.png in Resources */,
				985E15C61A01CC5600CD5A25 /* maps.png in Resources */,
				98FFAB5A1A39FC7E0080ED87 /* Camera_30x30.png in Resources */,
				98FFAB5D1A39FC7E0080ED87 /* Setting_30x30.png in Resources */,
				985E15CB1A01CC5600CD5A25 /* silhouette5.png in Resources */,
				98FFAB611A39FC7E0080ED87 /* Slideshow_60x60.png in Resources */,
				98FFAB641A39FC7E0080ED87 /* Tokushima_60x60.png in Resources */,
				985E15721A01CBDC00CD5A25 /* Images.xcassets in Resources */,
			);
			runOnlyForDeploymentPostprocessing = 0;
		};
		985E15781A01CBDC00CD5A25 /* Resources */ = {
			isa = PBXResourcesBuildPhase;
			buildActionMask = 2147483647;
			files = (
			);
			runOnlyForDeploymentPostprocessing = 0;
		};
/* End PBXResourcesBuildPhase section */

/* Begin PBXSourcesBuildPhase section */
		985E155D1A01CBDB00CD5A25 /* Sources */ = {
			isa = PBXSourcesBuildPhase;
			buildActionMask = 2147483647;
			files = (
				985E15DB1A01CC5600CD5A25 /* TextViewCell.m in Sources */,
				985E15D21A01CC5600CD5A25 /* CustomAnnotation_GPS.m in Sources */,
				985E15CF1A01CC5600CD5A25 /* SlideshowViewController.m in Sources */,
				985E15D51A01CC5600CD5A25 /* CustomAnnotation_HataOk.m in Sources */,
				985E15C11A01CC5600CD5A25 /* CameraViewController.m in Sources */,
				985E15D31A01CC5600CD5A25 /* CustomAnnotation_GPS_Old.m in Sources */,
				985E15D41A01CC5600CD5A25 /* CustomAnnotation_Hata.m in Sources */,
				985E156A1A01CBDB00CD5A25 /* AppDelegate.m in Sources */,
				985E15D01A01CC5600CD5A25 /* CellViewCell.m in Sources */,
				985E15D71A01CC5600CD5A25 /* HataView.m in Sources */,
				985E15D81A01CC5600CD5A25 /* HataViewController.m in Sources */,
				985E15D11A01CC5600CD5A25 /* CustomAnnotation.m in Sources */,
				985E15D91A01CC5600CD5A25 /* MapViewController.m in Sources */,
				985E15D61A01CC5600CD5A25 /* CustomAnnotation_Photo.m in Sources */,
				985E15671A01CBDB00CD5A25 /* main.m in Sources */,
				985E15DA1A01CC5600CD5A25 /* PhotoViewCell.m in Sources */,
			);
			runOnlyForDeploymentPostprocessing = 0;
		};
		985E15761A01CBDC00CD5A25 /* Sources */ = {
			isa = PBXSourcesBuildPhase;
			buildActionMask = 2147483647;
			files = (
				985E15811A01CBDC00CD5A25 /* PhotoWalk_ver_1Tests.m in Sources */,
			);
			runOnlyForDeploymentPostprocessing = 0;
		};
/* End PBXSourcesBuildPhase section */

/* Begin PBXTargetDependency section */
		985E157C1A01CBDC00CD5A25 /* PBXTargetDependency */ = {
			isa = PBXTargetDependency;
			target = 985E15601A01CBDB00CD5A25 /* PhotoWalk ver 1 */;
			targetProxy = 985E157B1A01CBDC00CD5A25 /* PBXContainerItemProxy */;
		};
/* End PBXTargetDependency section */

/* Begin PBXVariantGroup section */
		985E15731A01CBDC00CD5A25 /* LaunchScreen.xib */ = {
			isa = PBXVariantGroup;
			children = (
				985E15741A01CBDC00CD5A25 /* Base */,
			);
			name = LaunchScreen.xib;
			path = ..;
			sourceTree = "<group>";
		};
		985E158F1A01CC5600CD5A25 /* Main.storyboard */ = {
			isa = PBXVariantGroup;
			children = (
				985E15901A01CC5600CD5A25 /* Base */,
			);
			name = Main.storyboard;
			sourceTree = "<group>";
		};
/* End PBXVariantGroup section */

/* Begin XCBuildConfiguration section */
		985E15821A01CBDC00CD5A25 /* Debug */ = {
			isa = XCBuildConfiguration;
			buildSettings = {
				ALWAYS_SEARCH_USER_PATHS = NO;
				CLANG_CXX_LANGUAGE_STANDARD = "gnu++0x";
				CLANG_CXX_LIBRARY = "libc++";
				CLANG_ENABLE_MODULES = YES;
				CLANG_ENABLE_OBJC_ARC = YES;
				CLANG_WARN_BOOL_CONVERSION = YES;
				CLANG_WARN_CONSTANT_CONVERSION = YES;
				CLANG_WARN_DIRECT_OBJC_ISA_USAGE = YES_ERROR;
				CLANG_WARN_EMPTY_BODY = YES;
				CLANG_WARN_ENUM_CONVERSION = YES;
				CLANG_WARN_INT_CONVERSION = YES;
				CLANG_WARN_OBJC_ROOT_CLASS = YES_ERROR;
				CLANG_WARN_UNREACHABLE_CODE = YES;
				CLANG_WARN__DUPLICATE_METHOD_MATCH = YES;
				"CODE_SIGN_IDENTITY[sdk=iphoneos*]" = "iPhone Developer";
				COPY_PHASE_STRIP = NO;
				ENABLE_STRICT_OBJC_MSGSEND = YES;
				GCC_C_LANGUAGE_STANDARD = gnu99;
				GCC_DYNAMIC_NO_PIC = NO;
				GCC_OPTIMIZATION_LEVEL = 0;
				GCC_PREPROCESSOR_DEFINITIONS = (
					"DEBUG=1",
					"$(inherited)",
				);
				GCC_SYMBOLS_PRIVATE_EXTERN = NO;
				GCC_WARN_64_TO_32_BIT_CONVERSION = YES;
				GCC_WARN_ABOUT_RETURN_TYPE = YES_ERROR;
				GCC_WARN_UNDECLARED_SELECTOR = YES;
				GCC_WARN_UNINITIALIZED_AUTOS = YES_AGGRESSIVE;
				GCC_WARN_UNUSED_FUNCTION = YES;
				GCC_WARN_UNUSED_VARIABLE = YES;
				IPHONEOS_DEPLOYMENT_TARGET = 8.1;
				MTL_ENABLE_DEBUG_INFO = YES;
				ONLY_ACTIVE_ARCH = YES;
				SDKROOT = iphoneos;
				TARGETED_DEVICE_FAMILY = "1,2";
			};
			name = Debug;
		};
		985E15831A01CBDC00CD5A25 /* Release */ = {
			isa = XCBuildConfiguration;
			buildSettings = {
				ALWAYS_SEARCH_USER_PATHS = NO;
				CLANG_CXX_LANGUAGE_STANDARD = "gnu++0x";
				CLANG_CXX_LIBRARY = "libc++";
				CLANG_ENABLE_MODULES = YES;
				CLANG_ENABLE_OBJC_ARC = YES;
				CLANG_WARN_BOOL_CONVERSION = YES;
				CLANG_WARN_CONSTANT_CONVERSION = YES;
				CLANG_WARN_DIRECT_OBJC_ISA_USAGE = YES_ERROR;
				CLANG_WARN_EMPTY_BODY = YES;
				CLANG_WARN_ENUM_CONVERSION = YES;
				CLANG_WARN_INT_CONVERSION = YES;
				CLANG_WARN_OBJC_ROOT_CLASS = YES_ERROR;
				CLANG_WARN_UNREACHABLE_CODE = YES;
				CLANG_WARN__DUPLICATE_METHOD_MATCH = YES;
				"CODE_SIGN_IDENTITY[sdk=iphoneos*]" = "iPhone Developer";
				COPY_PHASE_STRIP = YES;
				ENABLE_NS_ASSERTIONS = NO;
				ENABLE_STRICT_OBJC_MSGSEND = YES;
				GCC_C_LANGUAGE_STANDARD = gnu99;
				GCC_WARN_64_TO_32_BIT_CONVERSION = YES;
				GCC_WARN_ABOUT_RETURN_TYPE = YES_ERROR;
				GCC_WARN_UNDECLARED_SELECTOR = YES;
				GCC_WARN_UNINITIALIZED_AUTOS = YES_AGGRESSIVE;
				GCC_WARN_UNUSED_FUNCTION = YES;
				GCC_WARN_UNUSED_VARIABLE = YES;
				IPHONEOS_DEPLOYMENT_TARGET = 8.1;
				MTL_ENABLE_DEBUG_INFO = NO;
				SDKROOT = iphoneos;
				TARGETED_DEVICE_FAMILY = "1,2";
				VALIDATE_PRODUCT = YES;
			};
			name = Release;
		};
		985E15851A01CBDC00CD5A25 /* Debug */ = {
			isa = XCBuildConfiguration;
			buildSettings = {
				ASSETCATALOG_COMPILER_APPICON_NAME = AppIcon;
				INFOPLIST_FILE = "PhotoWalk ver 1/Info.plist";
				IPHONEOS_DEPLOYMENT_TARGET = 6.0;
				LD_RUNPATH_SEARCH_PATHS = "$(inherited) @executable_path/Frameworks";
				PRODUCT_NAME = "$(TARGET_NAME)";
			};
			name = Debug;
		};
		985E15861A01CBDC00CD5A25 /* Release */ = {
			isa = XCBuildConfiguration;
			buildSettings = {
				ASSETCATALOG_COMPILER_APPICON_NAME = AppIcon;
				INFOPLIST_FILE = "PhotoWalk ver 1/Info.plist";
				IPHONEOS_DEPLOYMENT_TARGET = 6.0;
				LD_RUNPATH_SEARCH_PATHS = "$(inherited) @executable_path/Frameworks";
				PRODUCT_NAME = "$(TARGET_NAME)";
			};
			name = Release;
		};
		985E15881A01CBDC00CD5A25 /* Debug */ = {
			isa = XCBuildConfiguration;
			buildSettings = {
				BUNDLE_LOADER = "$(TEST_HOST)";
				FRAMEWORK_SEARCH_PATHS = (
					"$(SDKROOT)/Developer/Library/Frameworks",
					"$(inherited)",
				);
				GCC_PREPROCESSOR_DEFINITIONS = (
					"DEBUG=1",
					"$(inherited)",
				);
				INFOPLIST_FILE = "PhotoWalk ver 1Tests/Info.plist";
				LD_RUNPATH_SEARCH_PATHS = "$(inherited) @executable_path/Frameworks @loader_path/Frameworks";
				PRODUCT_NAME = "$(TARGET_NAME)";
				TEST_HOST = "$(BUILT_PRODUCTS_DIR)/PhotoWalk ver 1.app/PhotoWalk ver 1";
			};
			name = Debug;
		};
		985E15891A01CBDC00CD5A25 /* Release */ = {
			isa = XCBuildConfiguration;
			buildSettings = {
				BUNDLE_LOADER = "$(TEST_HOST)";
				FRAMEWORK_SEARCH_PATHS = (
					"$(SDKROOT)/Developer/Library/Frameworks",
					"$(inherited)",
				);
				INFOPLIST_FILE = "PhotoWalk ver 1Tests/Info.plist";
				LD_RUNPATH_SEARCH_PATHS = "$(inherited) @executable_path/Frameworks @loader_path/Frameworks";
				PRODUCT_NAME = "$(TARGET_NAME)";
				TEST_HOST = "$(BUILT_PRODUCTS_DIR)/PhotoWalk ver 1.app/PhotoWalk ver 1";
			};
			name = Release;
		};
/* End XCBuildConfiguration section */

/* Begin XCConfigurationList section */
		985E155C1A01CBDB00CD5A25 /* Build configuration list for PBXProject "PhotoWalk ver 1" */ = {
			isa = XCConfigurationList;
			buildConfigurations = (
				985E15821A01CBDC00CD5A25 /* Debug */,
				985E15831A01CBDC00CD5A25 /* Release */,
			);
			defaultConfigurationIsVisible = 0;
			defaultConfigurationName = Release;
		};
		985E15841A01CBDC00CD5A25 /* Build configuration list for PBXNativeTarget "PhotoWalk ver 1" */ = {
			isa = XCConfigurationList;
			buildConfigurations = (
				985E15851A01CBDC00CD5A25 /* Debug */,
				985E15861A01CBDC00CD5A25 /* Release */,
			);
			defaultConfigurationIsVisible = 0;
			defaultConfigurationName = Release;
		};
		985E15871A01CBDC00CD5A25 /* Build configuration list for PBXNativeTarget "PhotoWalk ver 1Tests" */ = {
			isa = XCConfigurationList;
			buildConfigurations = (
				985E15881A01CBDC00CD5A25 /* Debug */,
				985E15891A01CBDC00CD5A25 /* Release */,
			);
			defaultConfigurationIsVisible = 0;
			defaultConfigurationName = Release;
		};
/* End XCConfigurationList section */
	};
	rootObject = 985E15591A01CBDB00CD5A25 /* Project object */;
}
